Microsoft Visual Studio Solution File, Format Version 12.00
# Visual Studio Version 17
VisualStudioVersion = 17.5.2.0
MinimumVisualStudioVersion = 10.0.40219.1
Project("{FAE04EC0-301F-11D3-BF4B-00C04F79EFBC}") = "WardWebsite.API", "WardWebsite.API\WardWebsite.API.csproj", "{75D5F201-4B77-C195-172B-ADCF9C0515DD}"
EndProject
Global
	GlobalSection(SolutionConfigurationPlatforms) = preSolution
		Debug|Any CPU = Debug|Any CPU
		Release|Any CPU = Release|Any CPU
	EndGlobalSection
	GlobalSection(ProjectConfigurationPlatforms) = postSolution
		{75D5F201-4B77-C195-172B-ADCF9C0515DD}.Debug|Any CPU.ActiveCfg = Debug|Any CPU
		{75D5F201-4B77-C195-172B-ADCF9C0515DD}.Debug|Any CPU.Build.0 = Debug|Any CPU
		{75D5F201-4B77-C195-172B-ADCF9C0515DD}.Release|Any CPU.ActiveCfg = Release|Any CPU
		{75D5F201-4B77-C195-172B-ADCF9C0515DD}.Release|Any CPU.Build.0 = Release|Any CPU
	EndGlobalSection
	GlobalSection(SolutionProperties) = preSolution
		HideSolutionNode = FALSE
	EndGlobalSection
	GlobalSection(ExtensibilityGlobals) = postSolution
		SolutionGuid = {BBF55B9B-7AD1-4CD0-B38D-C2A11DA85D83}
	EndGlobalSection
EndGlobal
